
Microsoft Visual Studio Solution File, Format Version 12.00
# Visual Studio Version 17
VisualStudioVersion = 17.14.36414.22 d17.14
MinimumVisualStudioVersion = 10.0.40219.1
Project("{FAE04EC0-301F-11D3-BF4B-00C04F79EFBC}") = "Metode", "Metode\Metode.csproj", "{FBC29849-5F1F-42E9-96C8-E688926FCC94}"
EndProject
Global
	GlobalSection(SolutionConfigurationPlatforms) = preSolution
		Debug|Any CPU = Debug|Any CPU
		Release|Any CPU = Release|Any CPU
	EndGlobalSection
	GlobalSection(ProjectConfigurationPlatforms) = postSolution
		{FBC29849-5F1F-42E9-96C8-E688926FCC94}.Debug|Any CPU.ActiveCfg = Debug|Any CPU
		{FBC29849-5F1F-42E9-96C8-E688926FCC94}.Debug|Any CPU.Build.0 = Debug|Any CPU
		{FBC29849-5F1F-42E9-96C8-E688926FCC94}.Release|Any CPU.ActiveCfg = Release|Any CPU
		{FBC29849-5F1F-42E9-96C8-E688926FCC94}.Release|Any CPU.Build.0 = Release|Any CPU
	EndGlobalSection
	GlobalSection(SolutionProperties) = preSolution
		HideSolutionNode = FALSE
	EndGlobalSection
	GlobalSection(ExtensibilityGlobals) = postSolution
		SolutionGuid = {50F6FAAD-E0A1-4017-93F0-384973A701F3}
	EndGlobalSection
EndGlobal
