
Microsoft Visual Studio Solution File, Format Version 12.00
# Visual Studio Version 17
VisualStudioVersion = 17.14.36414.22 d17.14
MinimumVisualStudioVersion = 10.0.40219.1
Project("{FAE04EC0-301F-11D3-BF4B-00C04F79EFBC}") = "Zanke", "Zanke\Zanke.csproj", "{987F9849-2AFF-4237-8A66-A7D79265BD0B}"
EndProject
Global
	GlobalSection(SolutionConfigurationPlatforms) = preSolution
		Debug|Any CPU = Debug|Any CPU
		Release|Any CPU = Release|Any CPU
	EndGlobalSection
	GlobalSection(ProjectConfigurationPlatforms) = postSolution
		{987F9849-2AFF-4237-8A66-A7D79265BD0B}.Debug|Any CPU.ActiveCfg = Debug|Any CPU
		{987F9849-2AFF-4237-8A66-A7D79265BD0B}.Debug|Any CPU.Build.0 = Debug|Any CPU
		{987F9849-2AFF-4237-8A66-A7D79265BD0B}.Release|Any CPU.ActiveCfg = Release|Any CPU
		{987F9849-2AFF-4237-8A66-A7D79265BD0B}.Release|Any CPU.Build.0 = Release|Any CPU
	EndGlobalSection
	GlobalSection(SolutionProperties) = preSolution
		HideSolutionNode = FALSE
	EndGlobalSection
	GlobalSection(ExtensibilityGlobals) = postSolution
		SolutionGuid = {75C9A252-CEF7-470E-9B40-941C4D4635EF}
	EndGlobalSection
EndGlobal
