
Microsoft Visual Studio Solution File, Format Version 12.00
# Visual Studio Version 17
VisualStudioVersion = 17.14.36414.22 d17.14
MinimumVisualStudioVersion = 10.0.40219.1
Project("{FAE04EC0-301F-11D3-BF4B-00C04F79EFBC}") = "PrimeriRazredov", "PrimeriRazredov\PrimeriRazredov.csproj", "{2EA71F59-05CD-49D7-8951-382B900A3E36}"
EndProject
Global
	GlobalSection(SolutionConfigurationPlatforms) = preSolution
		Debug|Any CPU = Debug|Any CPU
		Release|Any CPU = Release|Any CPU
	EndGlobalSection
	GlobalSection(ProjectConfigurationPlatforms) = postSolution
		{2EA71F59-05CD-49D7-8951-382B900A3E36}.Debug|Any CPU.ActiveCfg = Debug|Any CPU
		{2EA71F59-05CD-49D7-8951-382B900A3E36}.Debug|Any CPU.Build.0 = Debug|Any CPU
		{2EA71F59-05CD-49D7-8951-382B900A3E36}.Release|Any CPU.ActiveCfg = Release|Any CPU
		{2EA71F59-05CD-49D7-8951-382B900A3E36}.Release|Any CPU.Build.0 = Release|Any CPU
	EndGlobalSection
	GlobalSection(SolutionProperties) = preSolution
		HideSolutionNode = FALSE
	EndGlobalSection
	GlobalSection(ExtensibilityGlobals) = postSolution
		SolutionGuid = {6C6F4080-B478-42FF-81A7-D8F1C53D7BAC}
	EndGlobalSection
EndGlobal
