
Microsoft Visual Studio Solution File, Format Version 12.00
# Visual Studio Version 17
VisualStudioVersion = 17.14.36414.22 d17.14
MinimumVisualStudioVersion = 10.0.40219.1
Project("{FAE04EC0-301F-11D3-BF4B-00C04F79EFBC}") = "Vnosi", "Vnosi\Vnosi.csproj", "{93DCF3BA-52AF-44D1-A338-D3B43B7CA83E}"
EndProject
Global
	GlobalSection(SolutionConfigurationPlatforms) = preSolution
		Debug|Any CPU = Debug|Any CPU
		Release|Any CPU = Release|Any CPU
	EndGlobalSection
	GlobalSection(ProjectConfigurationPlatforms) = postSolution
		{93DCF3BA-52AF-44D1-A338-D3B43B7CA83E}.Debug|Any CPU.ActiveCfg = Debug|Any CPU
		{93DCF3BA-52AF-44D1-A338-D3B43B7CA83E}.Debug|Any CPU.Build.0 = Debug|Any CPU
		{93DCF3BA-52AF-44D1-A338-D3B43B7CA83E}.Release|Any CPU.ActiveCfg = Release|Any CPU
		{93DCF3BA-52AF-44D1-A338-D3B43B7CA83E}.Release|Any CPU.Build.0 = Release|Any CPU
	EndGlobalSection
	GlobalSection(SolutionProperties) = preSolution
		HideSolutionNode = FALSE
	EndGlobalSection
	GlobalSection(ExtensibilityGlobals) = postSolution
		SolutionGuid = {6E4727BE-C87E-4376-865C-D02DD14A5ABB}
	EndGlobalSection
EndGlobal
