
Microsoft Visual Studio Solution File, Format Version 12.00
# Visual Studio Version 17
VisualStudioVersion = 17.14.36414.22 d17.14
MinimumVisualStudioVersion = 10.0.40219.1
Project("{FAE04EC0-301F-11D3-BF4B-00C04F79EFBC}") = "Gostilne", "Gostilne\Gostilne.csproj", "{DF287C41-0803-4816-841D-0E08B2F4F9AD}"
EndProject
Global
	GlobalSection(SolutionConfigurationPlatforms) = preSolution
		Debug|Any CPU = Debug|Any CPU
		Release|Any CPU = Release|Any CPU
	EndGlobalSection
	GlobalSection(ProjectConfigurationPlatforms) = postSolution
		{DF287C41-0803-4816-841D-0E08B2F4F9AD}.Debug|Any CPU.ActiveCfg = Debug|Any CPU
		{DF287C41-0803-4816-841D-0E08B2F4F9AD}.Debug|Any CPU.Build.0 = Debug|Any CPU
		{DF287C41-0803-4816-841D-0E08B2F4F9AD}.Release|Any CPU.ActiveCfg = Release|Any CPU
		{DF287C41-0803-4816-841D-0E08B2F4F9AD}.Release|Any CPU.Build.0 = Release|Any CPU
	EndGlobalSection
	GlobalSection(SolutionProperties) = preSolution
		HideSolutionNode = FALSE
	EndGlobalSection
	GlobalSection(ExtensibilityGlobals) = postSolution
		SolutionGuid = {3C87EA64-F0F3-4A03-8BBA-F926F5F6B555}
	EndGlobalSection
EndGlobal
