
Microsoft Visual Studio Solution File, Format Version 12.00
# Visual Studio Version 17
VisualStudioVersion = 17.14.36414.22 d17.14
MinimumVisualStudioVersion = 10.0.40219.1
Project("{FAE04EC0-301F-11D3-BF4B-00C04F79EFBC}") = "SprehodPoHiši", "SprehodPoHiši\SprehodPoHiši.csproj", "{E072A1B8-060C-4F5D-97CD-83F5EEAE8981}"
EndProject
Global
	GlobalSection(SolutionConfigurationPlatforms) = preSolution
		Debug|Any CPU = Debug|Any CPU
		Release|Any CPU = Release|Any CPU
	EndGlobalSection
	GlobalSection(ProjectConfigurationPlatforms) = postSolution
		{E072A1B8-060C-4F5D-97CD-83F5EEAE8981}.Debug|Any CPU.ActiveCfg = Debug|Any CPU
		{E072A1B8-060C-4F5D-97CD-83F5EEAE8981}.Debug|Any CPU.Build.0 = Debug|Any CPU
		{E072A1B8-060C-4F5D-97CD-83F5EEAE8981}.Release|Any CPU.ActiveCfg = Release|Any CPU
		{E072A1B8-060C-4F5D-97CD-83F5EEAE8981}.Release|Any CPU.Build.0 = Release|Any CPU
	EndGlobalSection
	GlobalSection(SolutionProperties) = preSolution
		HideSolutionNode = FALSE
	EndGlobalSection
	GlobalSection(ExtensibilityGlobals) = postSolution
		SolutionGuid = {359D6DA2-86D1-46B2-ABD7-75F46802EF4F}
	EndGlobalSection
EndGlobal
